{
  "version": 4,
  "terraform_version": "0.14.7",
  "serial": 6,
  "lineage": "f143f778-b56b-8ce2-06ad-f8c5f809ad63",
  "outputs": {},
  "resources": [
    {
      "mode": "managed",
      "type": "zoom_user",
      "name": "user1",
      "provider": "provider[\"hashicorp.com/edu/zoom\"]",
      "instances": [
        {
          "schema_version": 0,
          "attributes": {
            "active": "activate",
            "email": "tapendrakmr786@gmail.com",
            "first_name": "tapendra",
            "id": "tapendrakmr786@gmail.com",
            "last_name": "kumar"
          },
          "sensitive_attributes": [],
          "private": "bnVsbA=="
        }
      ]
    }
  ]
}
